
Microsoft Visual Studio Solution File, Format Version 12.00
# Visual Studio Version 16
VisualStudioVersion = 25.0.1706.7
MinimumVisualStudioVersion = 10.0.40219.1
Project("{FAE04EC0-301F-11D3-BF4B-00C04F79EFBC}") = "UqudoXamarinSample", "UqudoXamarinSample.csproj", "{B508F4C1-432F-432B-8954-FB0BEC17EBF1}"
EndProject
Global
	GlobalSection(SolutionConfigurationPlatforms) = preSolution
		Debug|Any CPU = Debug|Any CPU
		Release|Any CPU = Release|Any CPU
	EndGlobalSection
	GlobalSection(ProjectConfigurationPlatforms) = postSolution
		{B508F4C1-432F-432B-8954-FB0BEC17EBF1}.Debug|Any CPU.ActiveCfg = Debug|Any CPU
		{B508F4C1-432F-432B-8954-FB0BEC17EBF1}.Debug|Any CPU.Build.0 = Debug|Any CPU
		{B508F4C1-432F-432B-8954-FB0BEC17EBF1}.Release|Any CPU.ActiveCfg = Release|Any CPU
		{B508F4C1-432F-432B-8954-FB0BEC17EBF1}.Release|Any CPU.Build.0 = Release|Any CPU
	EndGlobalSection
	GlobalSection(SolutionProperties) = preSolution
		HideSolutionNode = FALSE
	EndGlobalSection
	GlobalSection(ExtensibilityGlobals) = postSolution
		SolutionGuid = {5F38F7F6-4650-457A-9318-5A887CD1435B}
	EndGlobalSection
EndGlobal
