
Microsoft Visual Studio Solution File, Format Version 12.00
# Visual Studio Version 17
VisualStudioVersion = 17.2.32630.192
MinimumVisualStudioVersion = 10.0.40219.1
Project("{FAE04EC0-301F-11D3-BF4B-00C04F79EFBC}") = "XamarinAndroidUqudoSDK.Android", "XamarinAndroidUqudoSDK\XamarinAndroidUqudoSDK.Android\XamarinAndroidUqudoSDK.Android.csproj", "{EF4EBFF7-F9C0-4F54-AF7D-94E1EB7BDA84}"
EndProject
Project("{FAE04EC0-301F-11D3-BF4B-00C04F79EFBC}") = "XamarinAndroidUqudoSDK", "XamarinAndroidUqudoSDK\XamarinAndroidUqudoSDK\XamarinAndroidUqudoSDK.csproj", "{B5A1D9D1-8746-4A04-A3E9-8B8C2A0BA1AD}"
EndProject
Global
	GlobalSection(SolutionConfigurationPlatforms) = preSolution
		Debug|Any CPU = Debug|Any CPU
		Release|Any CPU = Release|Any CPU
	EndGlobalSection
	GlobalSection(ProjectConfigurationPlatforms) = postSolution
		{EF4EBFF7-F9C0-4F54-AF7D-94E1EB7BDA84}.Debug|Any CPU.ActiveCfg = Debug|Any CPU
		{EF4EBFF7-F9C0-4F54-AF7D-94E1EB7BDA84}.Debug|Any CPU.Build.0 = Debug|Any CPU
		{EF4EBFF7-F9C0-4F54-AF7D-94E1EB7BDA84}.Debug|Any CPU.Deploy.0 = Debug|Any CPU
		{EF4EBFF7-F9C0-4F54-AF7D-94E1EB7BDA84}.Release|Any CPU.ActiveCfg = Release|Any CPU
		{EF4EBFF7-F9C0-4F54-AF7D-94E1EB7BDA84}.Release|Any CPU.Build.0 = Release|Any CPU
		{EF4EBFF7-F9C0-4F54-AF7D-94E1EB7BDA84}.Release|Any CPU.Deploy.0 = Release|Any CPU
		{B5A1D9D1-8746-4A04-A3E9-8B8C2A0BA1AD}.Debug|Any CPU.ActiveCfg = Debug|Any CPU
		{B5A1D9D1-8746-4A04-A3E9-8B8C2A0BA1AD}.Debug|Any CPU.Build.0 = Debug|Any CPU
		{B5A1D9D1-8746-4A04-A3E9-8B8C2A0BA1AD}.Debug|Any CPU.Deploy.0 = Debug|Any CPU
		{B5A1D9D1-8746-4A04-A3E9-8B8C2A0BA1AD}.Release|Any CPU.ActiveCfg = Release|Any CPU
		{B5A1D9D1-8746-4A04-A3E9-8B8C2A0BA1AD}.Release|Any CPU.Build.0 = Release|Any CPU
		{B5A1D9D1-8746-4A04-A3E9-8B8C2A0BA1AD}.Release|Any CPU.Deploy.0 = Release|Any CPU
	EndGlobalSection
	GlobalSection(SolutionProperties) = preSolution
		HideSolutionNode = FALSE
	EndGlobalSection
	GlobalSection(ExtensibilityGlobals) = postSolution
		SolutionGuid = {178E212C-78FB-4B66-AF27-98CC0A38A08B}
	EndGlobalSection
EndGlobal
